
Microsoft Visual Studio Solution File, Format Version 12.00
# Visual Studio Version 16
VisualStudioVersion = 16.0.30128.74
MinimumVisualStudioVersion = 10.0.40219.1
Project("{FAE04EC0-301F-11D3-BF4B-00C04F79EFBC}") = "FalaUFS", "FalaUFS\FalaUFS.csproj", "{C4DF962D-204D-46AC-8330-B47BD6FBACAE}"
EndProject
Project("{FAE04EC0-301F-11D3-BF4B-00C04F79EFBC}") = "Persistence", "Persistence\Persistence.csproj", "{962FCB48-520D-4094-A91D-38374830727D}"
EndProject
Project("{FAE04EC0-301F-11D3-BF4B-00C04F79EFBC}") = "Model", "Model\Model.csproj", "{4EADFC4F-50E2-4757-9047-AC39A17AFBB1}"
EndProject
Project("{FAE04EC0-301F-11D3-BF4B-00C04F79EFBC}") = "Service", "Service\Service.csproj", "{D6EBFBFC-C826-4980-B6E1-9AA1BEB624EC}"
EndProject
Global
	GlobalSection(SolutionConfigurationPlatforms) = preSolution
		Debug|Any CPU = Debug|Any CPU
		Release|Any CPU = Release|Any CPU
	EndGlobalSection
	GlobalSection(ProjectConfigurationPlatforms) = postSolution
		{C4DF962D-204D-46AC-8330-B47BD6FBACAE}.Debug|Any CPU.ActiveCfg = Debug|Any CPU
		{C4DF962D-204D-46AC-8330-B47BD6FBACAE}.Debug|Any CPU.Build.0 = Debug|Any CPU
		{C4DF962D-204D-46AC-8330-B47BD6FBACAE}.Release|Any CPU.ActiveCfg = Release|Any CPU
		{C4DF962D-204D-46AC-8330-B47BD6FBACAE}.Release|Any CPU.Build.0 = Release|Any CPU
		{962FCB48-520D-4094-A91D-38374830727D}.Debug|Any CPU.ActiveCfg = Debug|Any CPU
		{962FCB48-520D-4094-A91D-38374830727D}.Debug|Any CPU.Build.0 = Debug|Any CPU
		{962FCB48-520D-4094-A91D-38374830727D}.Release|Any CPU.ActiveCfg = Release|Any CPU
		{962FCB48-520D-4094-A91D-38374830727D}.Release|Any CPU.Build.0 = Release|Any CPU
		{4EADFC4F-50E2-4757-9047-AC39A17AFBB1}.Debug|Any CPU.ActiveCfg = Debug|Any CPU
		{4EADFC4F-50E2-4757-9047-AC39A17AFBB1}.Debug|Any CPU.Build.0 = Debug|Any CPU
		{4EADFC4F-50E2-4757-9047-AC39A17AFBB1}.Release|Any CPU.ActiveCfg = Release|Any CPU
		{4EADFC4F-50E2-4757-9047-AC39A17AFBB1}.Release|Any CPU.Build.0 = Release|Any CPU
		{D6EBFBFC-C826-4980-B6E1-9AA1BEB624EC}.Debug|Any CPU.ActiveCfg = Debug|Any CPU
		{D6EBFBFC-C826-4980-B6E1-9AA1BEB624EC}.Debug|Any CPU.Build.0 = Debug|Any CPU
		{D6EBFBFC-C826-4980-B6E1-9AA1BEB624EC}.Release|Any CPU.ActiveCfg = Release|Any CPU
		{D6EBFBFC-C826-4980-B6E1-9AA1BEB624EC}.Release|Any CPU.Build.0 = Release|Any CPU
	EndGlobalSection
	GlobalSection(SolutionProperties) = preSolution
		HideSolutionNode = FALSE
	EndGlobalSection
	GlobalSection(ExtensibilityGlobals) = postSolution
		SolutionGuid = {4D5CCAC6-96B3-49B2-949E-AE616C6341CC}
	EndGlobalSection
EndGlobal
